// !$*UTF8*$!
{
	archiveVersion = 1;
	classes = {
	};
	objectVersion = 46;
	objects = {

/* Begin PBXBuildFile section */
		4BAC47C00ABB5E704D691438 /* libPods.a in Frameworks */ = {isa = PBXBuildFile; fileRef = 0C0A02C66535110ABD67687A /* libPods.a */; };
		975ADB801BF5C94500F1877A /* main.m in Sources */ = {isa = PBXBuildFile; fileRef = 975ADB7F1BF5C94500F1877A /* main.m */; };
		975ADB831BF5C94500F1877A /* AppDelegate.m in Sources */ = {isa = PBXBuildFile; fileRef = 975ADB821BF5C94500F1877A /* AppDelegate.m */; };
		975ADB861BF5C94500F1877A /* ViewController.m in Sources */ = {isa = PBXBuildFile; fileRef = 975ADB851BF5C94500F1877A /* ViewController.m */; };
		975ADB891BF5C94500F1877A /* Main.storyboard in Resources */ = {isa = PBXBuildFile; fileRef = 975ADB871BF5C94500F1877A /* Main.storyboard */; };
		975ADB8B1BF5C94500F1877A /* Assets.xcassets in Resources */ = {isa = PBXBuildFile; fileRef = 975ADB8A1BF5C94500F1877A /* Assets.xcassets */; };
		975ADB8E1BF5C94500F1877A /* LaunchScreen.storyboard in Resources */ = {isa = PBXBuildFile; fileRef = 975ADB8C1BF5C94500F1877A /* LaunchScreen.storyboard */; };
		975ADB991BF5C94500F1877A /* MasonryDemoTests.m in Sources */ = {isa = PBXBuildFile; fileRef = 975ADB981BF5C94500F1877A /* MasonryDemoTests.m */; };
		975ADBA41BF5C94500F1877A /* MasonryDemoUITests.m in Sources */ = {isa = PBXBuildFile; fileRef = 975ADBA31BF5C94500F1877A /* MasonryDemoUITests.m */; };
/* End PBXBuildFile section */

/* Begin PBXContainerItemProxy section */
		975ADB951BF5C94500F1877A /* PBXContainerItemProxy */ = {
			isa = PBXContainerItemProxy;
			containerPortal = 975ADB731BF5C94500F1877A /* Project object */;
			proxyType = 1;
			remoteGlobalIDString = 975ADB7A1BF5C94500F1877A;
			remoteInfo = MasonryDemo;
		};
		975ADBA01BF5C94500F1877A /* PBXContainerItemProxy */ = {
			isa = PBXContainerItemProxy;
			containerPortal = 975ADB731BF5C94500F1877A /* Project object */;
			proxyType = 1;
			remoteGlobalIDString = 975ADB7A1BF5C94500F1877A;
			remoteInfo = MasonryDemo;
		};
/* End PBXContainerItemProxy section */

/* Begin PBXFileReference section */
		0C0A02C66535110ABD67687A /* libPods.a */ = {isa = PBXFileReference; explicitFileType = archive.ar; includeInIndex = 0; path = libPods.a; sourceTree = BUILT_PRODUCTS_DIR; };
		1CB650697E5F14F67F206D92 /* Pods.debug.xcconfig */ = {isa = PBXFileReference; includeInIndex = 1; lastKnownFileType = text.xcconfig; name = Pods.debug.xcconfig; path = "Pods/Target Support Files/Pods/Pods.debug.xcconfig"; sourceTree = "<group>"; };
		975ADB7B1BF5C94500F1877A /* MasonryDemo.app */ = {isa = PBXFileReference; explicitFileType = wrapper.application; includeInIndex = 0; path = MasonryDemo.app; sourceTree = BUILT_PRODUCTS_DIR; };
		975ADB7F1BF5C94500F1877A /* main.m */ = {isa = PBXFileReference; lastKnownFileType = sourcecode.c.objc; path = main.m; sourceTree = "<group>"; };
		975ADB811BF5C94500F1877A /* AppDelegate.h */ = {isa = PBXFileReference; lastKnownFileType = sourcecode.c.h; path = AppDelegate.h; sourceTree = "<group>"; };
		975ADB821BF5C94500F1877A /* AppDelegate.m */ = {isa = PBXFileReference; lastKnownFileType = sourcecode.c.objc; path = AppDelegate.m; sourceTree = "<group>"; };
		975ADB841BF5C94500F1877A /* ViewController.h */ = {isa = PBXFileReference; lastKnownFileType = sourcecode.c.h; path = ViewController.h; sourceTree = "<group>"; };
		975ADB851BF5C94500F1877A /* ViewController.m */ = {isa = PBXFileReference; lastKnownFileType = sourcecode.c.objc; path = ViewController.m; sourceTree = "<group>"; };
		975ADB881BF5C94500F1877A /* Base */ = {isa = PBXFileReference; lastKnownFileType = file.storyboard; name = Base; path = Base.lproj/Main.storyboard; sourceTree = "<group>"; };
		975ADB8A1BF5C94500F1877A /* Assets.xcassets */ = {isa = PBXFileReference; lastKnownFileType = folder.assetcatalog; path = Assets.xcassets; sourceTree = "<group>"; };
		975ADB8D1BF5C94500F1877A /* Base */ = {isa = PBXFileReference; lastKnownFileType = file.storyboard; name = Base; path = Base.lproj/LaunchScreen.storyboard; sourceTree = "<group>"; };
		975ADB8F1BF5C94500F1877A /* Info.plist */ = {isa = PBXFileReference; lastKnownFileType = text.plist.xml; path = Info.plist; sourceTree = "<group>"; };
		975ADB941BF5C94500F1877A /* MasonryDemoTests.xctest */ = {isa = PBXFileReference; explicitFileType = wrapper.cfbundle; includeInIndex = 0; path = MasonryDemoTests.xctest; sourceTree = BUILT_PRODUCTS_DIR; };
		975ADB981BF5C94500F1877A /* MasonryDemoTests.m */ = {isa = PBXFileReference; lastKnownFileType = sourcecode.c.objc; path = MasonryDemoTests.m; sourceTree = "<group>"; };
		975ADB9A1BF5C94500F1877A /* Info.plist */ = {isa = PBXFileReference; lastKnownFileType = text.plist.xml; path = Info.plist; sourceTree = "<group>"; };
		975ADB9F1BF5C94500F1877A /* MasonryDemoUITests.xctest */ = {isa = PBXFileReference; explicitFileType = wrapper.cfbundle; includeInIndex = 0; path = MasonryDemoUITests.xctest; sourceTree = BUILT_PRODUCTS_DIR; };
		975ADBA31BF5C94500F1877A /* MasonryDemoUITests.m */ = {isa = PBXFileReference; lastKnownFileType = sourcecode.c.objc; path = MasonryDemoUITests.m; sourceTree = "<group>"; };
		975ADBA51BF5C94500F1877A /* Info.plist */ = {isa = PBXFileReference; lastKnownFileType = text.plist.xml; path = Info.plist; sourceTree = "<group>"; };
		C913525B74601C8B12D46F8C /* Pods.release.xcconfig */ = {isa = PBXFileReference; includeInIndex = 1; lastKnownFileType = text.xcconfig; name = Pods.release.xcconfig; path = "Pods/Target Support Files/Pods/Pods.release.xcconfig"; sourceTree = "<group>"; };
/* End PBXFileReference section */

/* Begin PBXFrameworksBuildPhase section */
		975ADB781BF5C94500F1877A /* Frameworks */ = {
			isa = PBXFrameworksBuildPhase;
			buildActionMask = 2147483647;
			files = (
				4BAC47C00ABB5E704D691438 /* libPods.a in Frameworks */,
			);
			runOnlyForDeploymentPostprocessing = 0;
		};
		975ADB911BF5C94500F1877A /* Frameworks */ = {
			isa = PBXFrameworksBuildPhase;
			buildActionMask = 2147483647;
			files = (
			);
			runOnlyForDeploymentPostprocessing = 0;
		};
		975ADB9C1BF5C94500F1877A /* Frameworks */ = {
			isa = PBXFrameworksBuildPhase;
			buildActionMask = 2147483647;
			files = (
			);
			runOnlyForDeploymentPostprocessing = 0;
		};
/* End PBXFrameworksBuildPhase section */

/* Begin PBXGroup section */
		975ADB721BF5C94500F1877A = {
			isa = PBXGroup;
			children = (
				975ADB7D1BF5C94500F1877A /* MasonryDemo */,
				975ADB971BF5C94500F1877A /* MasonryDemoTests */,
				975ADBA21BF5C94500F1877A /* MasonryDemoUITests */,
				975ADB7C1BF5C94500F1877A /* Products */,
				E0161B155A83A84EE15F9346 /* Pods */,
				BB80F7D7E587D5DA1CAAB9B9 /* Frameworks */,
			);
			sourceTree = "<group>";
		};
		975ADB7C1BF5C94500F1877A /* Products */ = {
			isa = PBXGroup;
			children = (
				975ADB7B1BF5C94500F1877A /* MasonryDemo.app */,
				975ADB941BF5C94500F1877A /* MasonryDemoTests.xctest */,
				975ADB9F1BF5C94500F1877A /* MasonryDemoUITests.xctest */,
			);
			name = Products;
			sourceTree = "<group>";
		};
		975ADB7D1BF5C94500F1877A /* MasonryDemo */ = {
			isa = PBXGroup;
			children = (
				975ADB811BF5C94500F1877A /* AppDelegate.h */,
				975ADB821BF5C94500F1877A /* AppDelegate.m */,
				975ADB841BF5C94500F1877A /* ViewController.h */,
				975ADB851BF5C94500F1877A /* ViewController.m */,
				975ADB871BF5C94500F1877A /* Main.storyboard */,
				975ADB8A1BF5C94500F1877A /* Assets.xcassets */,
				975ADB8C1BF5C94500F1877A /* LaunchScreen.storyboard */,
				975ADB8F1BF5C94500F1877A /* Info.plist */,
				975ADB7E1BF5C94500F1877A /* Supporting Files */,
			);
			path = MasonryDemo;
			sourceTree = "<group>";
		};
		975ADB7E1BF5C94500F1877A /* Supporting Files */ = {
			isa = PBXGroup;
			children = (
				975ADB7F1BF5C94500F1877A /* main.m */,
			);
			name = "Supporting Files";
			sourceTree = "<group>";
		};
		975ADB971BF5C94500F1877A /* MasonryDemoTests */ = {
			isa = PBXGroup;
			children = (
				975ADB981BF5C94500F1877A /* MasonryDemoTests.m */,
				975ADB9A1BF5C94500F1877A /* Info.plist */,
			);
			path = MasonryDemoTests;
			sourceTree = "<group>";
		};
		975ADBA21BF5C94500F1877A /* MasonryDemoUITests */ = {
			isa = PBXGroup;
			children = (
				975ADBA31BF5C94500F1877A /* MasonryDemoUITests.m */,
				975ADBA51BF5C94500F1877A /* Info.plist */,
			);
			path = MasonryDemoUITests;
			sourceTree = "<group>";
		};
		BB80F7D7E587D5DA1CAAB9B9 /* Frameworks */ = {
			isa = PBXGroup;
			children = (
				0C0A02C66535110ABD67687A /* libPods.a */,
			);
			name = Frameworks;
			sourceTree = "<group>";
		};
		E0161B155A83A84EE15F9346 /* Pods */ = {
			isa = PBXGroup;
			children = (
				1CB650697E5F14F67F206D92 /* Pods.debug.xcconfig */,
				C913525B74601C8B12D46F8C /* Pods.release.xcconfig */,
			);
			name = Pods;
			sourceTree = "<group>";
		};
/* End PBXGroup section */

/* Begin PBXNativeTarget section */
		975ADB7A1BF5C94500F1877A /* MasonryDemo */ = {
			isa = PBXNativeTarget;
			buildConfigurationList = 975ADBA81BF5C94500F1877A /* Build configuration list for PBXNativeTarget "MasonryDemo" */;
			buildPhases = (
				F678929743ADF9D1AC917D75 /* Check Pods Manifest.lock */,
				975ADB771BF5C94500F1877A /* Sources */,
				975ADB781BF5C94500F1877A /* Frameworks */,
				975ADB791BF5C94500F1877A /* Resources */,
				3BBEDA3A7D7491B1B2EDC97D /* Embed Pods Frameworks */,
				6B223EC88CDF7DBF30FFF801 /* Copy Pods Resources */,
			);
			buildRules = (
			);
			dependencies = (
			);
			name = MasonryDemo;
			productName = MasonryDemo;
			productReference = 975ADB7B1BF5C94500F1877A /* MasonryDemo.app */;
			productType = "com.apple.product-type.application";
		};
		975ADB931BF5C94500F1877A /* MasonryDemoTests */ = {
			isa = PBXNativeTarget;
			buildConfigurationList = 975ADBAB1BF5C94500F1877A /* Build configuration list for PBXNativeTarget "MasonryDemoTests" */;
			buildPhases = (
				975ADB901BF5C94500F1877A /* Sources */,
				975ADB911BF5C94500F1877A /* Frameworks */,
				975ADB921BF5C94500F1877A /* Resources */,
			);
			buildRules = (
			);
			dependencies = (
				975ADB961BF5C94500F1877A /* PBXTargetDependency */,
			);
			name = MasonryDemoTests;
			productName = MasonryDemoTests;
			productReference = 975ADB941BF5C94500F1877A /* MasonryDemoTests.xctest */;
			productType = "com.apple.product-type.bundle.unit-test";
		};
		975ADB9E1BF5C94500F1877A /* MasonryDemoUITests */ = {
			isa = PBXNativeTarget;
			buildConfigurationList = 975ADBAE1BF5C94500F1877A /* Build configuration list for PBXNativeTarget "MasonryDemoUITests" */;
			buildPhases = (
				975ADB9B1BF5C94500F1877A /* Sources */,
				975ADB9C1BF5C94500F1877A /* Frameworks */,
				975ADB9D1BF5C94500F1877A /* Resources */,
			);
			buildRules = (
			);
			dependencies = (
				975ADBA11BF5C94500F1877A /* PBXTargetDependency */,
			);
			name = MasonryDemoUITests;
			productName = MasonryDemoUITests;
			productReference = 975ADB9F1BF5C94500F1877A /* MasonryDemoUITests.xctest */;
			productType = "com.apple.product-type.bundle.ui-testing";
		};
/* End PBXNativeTarget section */

/* Begin PBXProject section */
		975ADB731BF5C94500F1877A /* Project object */ = {
			isa = PBXProject;
			attributes = {
				LastUpgradeCheck = 0710;
				ORGANIZATIONNAME = "牛元鹏";
				TargetAttributes = {
					975ADB7A1BF5C94500F1877A = {
						CreatedOnToolsVersion = 7.1;
					};
					975ADB931BF5C94500F1877A = {
						CreatedOnToolsVersion = 7.1;
						TestTargetID = 975ADB7A1BF5C94500F1877A;
					};
					975ADB9E1BF5C94500F1877A = {
						CreatedOnToolsVersion = 7.1;
						TestTargetID = 975ADB7A1BF5C94500F1877A;
					};
				};
			};
			buildConfigurationList = 975ADB761BF5C94500F1877A /* Build configuration list for PBXProject "MasonryDemo" */;
			compatibilityVersion = "Xcode 3.2";
			developmentRegion = English;
			hasScannedForEncodings = 0;
			knownRegions = (
				en,
				Base,
			);
			mainGroup = 975ADB721BF5C94500F1877A;
			productRefGroup = 975ADB7C1BF5C94500F1877A /* Products */;
			projectDirPath = "";
			projectRoot = "";
			targets = (
				975ADB7A1BF5C94500F1877A /* MasonryDemo */,
				975ADB931BF5C94500F1877A /* MasonryDemoTests */,
				975ADB9E1BF5C94500F1877A /* MasonryDemoUITests */,
			);
		};
/* End PBXProject section */

/* Begin PBXResourcesBuildPhase section */
		975ADB791BF5C94500F1877A /* Resources */ = {
			isa = PBXResourcesBuildPhase;
			buildActionMask = 2147483647;
			files = (
				975ADB8E1BF5C94500F1877A /* LaunchScreen.storyboard in Resources */,
				975ADB8B1BF5C94500F1877A /* Assets.xcassets in Resources */,
				975ADB891BF5C94500F1877A /* Main.storyboard in Resources */,
			);
			runOnlyForDeploymentPostprocessing = 0;
		};
		975ADB921BF5C94500F1877A /* Resources */ = {
			isa = PBXResourcesBuildPhase;
			buildActionMask = 2147483647;
			files = (
			);
			runOnlyForDeploymentPostprocessing = 0;
		};
		975ADB9D1BF5C94500F1877A /* Resources */ = {
			isa = PBXResourcesBuildPhase;
			buildActionMask = 2147483647;
			files = (
			);
			runOnlyForDeploymentPostprocessing = 0;
		};
/* End PBXResourcesBuildPhase section */

/* Begin PBXShellScriptBuildPhase section */
		3BBEDA3A7D7491B1B2EDC97D /* Embed Pods Frameworks */ = {
			isa = PBXShellScriptBuildPhase;
			buildActionMask = 2147483647;
			files = (
			);
			inputPaths = (
			);
			name = "Embed Pods Frameworks";
			outputPaths = (
			);
			runOnlyForDeploymentPostprocessing = 0;
			shellPath = /bin/sh;
			shellScript = "\"${SRCROOT}/Pods/Target Support Files/Pods/Pods-frameworks.sh\"\n";
			showEnvVarsInLog = 0;
		};
		6B223EC88CDF7DBF30FFF801 /* Copy Pods Resources */ = {
			isa = PBXShellScriptBuildPhase;
			buildActionMask = 2147483647;
			files = (
			);
			inputPaths = (
			);
			name = "Copy Pods Resources";
			outputPaths = (
			);
			runOnlyForDeploymentPostprocessing = 0;
			shellPath = /bin/sh;
			shellScript = "\"${SRCROOT}/Pods/Target Support Files/Pods/Pods-resources.sh\"\n";
			showEnvVarsInLog = 0;
		};
		F678929743ADF9D1AC917D75 /* Check Pods Manifest.lock */ = {
			isa = PBXShellScriptBuildPhase;
			buildActionMask = 2147483647;
			files = (
			);
			inputPaths = (
			);
			name = "Check Pods Manifest.lock";
			outputPaths = (
			);
			runOnlyForDeploymentPostprocessing = 0;
			shellPath = /bin/sh;
			shellScript = "diff \"${PODS_ROOT}/../Podfile.lock\" \"${PODS_ROOT}/Manifest.lock\" > /dev/null\nif [[ $? != 0 ]] ; then\n    cat << EOM\nerror: The sandbox is not in sync with the Podfile.lock. Run 'pod install' or update your CocoaPods installation.\nEOM\n    exit 1\nfi\n";
			showEnvVarsInLog = 0;
		};
/* End PBXShellScriptBuildPhase section */

/* Begin PBXSourcesBuildPhase section */
		975ADB771BF5C94500F1877A /* Sources */ = {
			isa = PBXSourcesBuildPhase;
			buildActionMask = 2147483647;
			files = (
				975ADB861BF5C94500F1877A /* ViewController.m in Sources */,
				975ADB831BF5C94500F1877A /* AppDelegate.m in Sources */,
				975ADB801BF5C94500F1877A /* main.m in Sources */,
			);
			runOnlyForDeploymentPostprocessing = 0;
		};
		975ADB901BF5C94500F1877A /* Sources */ = {
			isa = PBXSourcesBuildPhase;
			buildActionMask = 2147483647;
			files = (
				975ADB991BF5C94500F1877A /* MasonryDemoTests.m in Sources */,
			);
			runOnlyForDeploymentPostprocessing = 0;
		};
		975ADB9B1BF5C94500F1877A /* Sources */ = {
			isa = PBXSourcesBuildPhase;
			buildActionMask = 2147483647;
			files = (
				975ADBA41BF5C94500F1877A /* MasonryDemoUITests.m in Sources */,
			);
			runOnlyForDeploymentPostprocessing = 0;
		};
/* End PBXSourcesBuildPhase section */

/* Begin PBXTargetDependency section */
		975ADB961BF5C94500F1877A /* PBXTargetDependency */ = {
			isa = PBXTargetDependency;
			target = 975ADB7A1BF5C94500F1877A /* MasonryDemo */;
			targetProxy = 975ADB951BF5C94500F1877A /* PBXContainerItemProxy */;
		};
		975ADBA11BF5C94500F1877A /* PBXTargetDependency */ = {
			isa = PBXTargetDependency;
			target = 975ADB7A1BF5C94500F1877A /* MasonryDemo */;
			targetProxy = 975ADBA01BF5C94500F1877A /* PBXContainerItemProxy */;
		};
/* End PBXTargetDependency section */

/* Begin PBXVariantGroup section */
		975ADB871BF5C94500F1877A /* Main.storyboard */ = {
			isa = PBXVariantGroup;
			children = (
				975ADB881BF5C94500F1877A /* Base */,
			);
			name = Main.storyboard;
			sourceTree = "<group>";
		};
		975ADB8C1BF5C94500F1877A /* LaunchScreen.storyboard */ = {
			isa = PBXVariantGroup;
			children = (
				975ADB8D1BF5C94500F1877A /* Base */,
			);
			name = LaunchScreen.storyboard;
			sourceTree = "<group>";
		};
/* End PBXVariantGroup section */

/* Begin XCBuildConfiguration section */
		975ADBA61BF5C94500F1877A /* Debug */ = {
			isa = XCBuildConfiguration;
			buildSettings = {
				ALWAYS_SEARCH_USER_PATHS = NO;
				CLANG_CXX_LANGUAGE_STANDARD = "gnu++0x";
				CLANG_CXX_LIBRARY = "libc++";
				CLANG_ENABLE_MODULES = YES;
				CLANG_ENABLE_OBJC_ARC = YES;
				CLANG_WARN_BOOL_CONVERSION = YES;
				CLANG_WARN_CONSTANT_CONVERSION = YES;
				CLANG_WARN_DIRECT_OBJC_ISA_USAGE = YES_ERROR;
				CLANG_WARN_EMPTY_BODY = YES;
				CLANG_WARN_ENUM_CONVERSION = YES;
				CLANG_WARN_INT_CONVERSION = YES;
				CLANG_WARN_OBJC_ROOT_CLASS = YES_ERROR;
				CLANG_WARN_UNREACHABLE_CODE = YES;
				CLANG_WARN__DUPLICATE_METHOD_MATCH = YES;
				"CODE_SIGN_IDENTITY[sdk=iphoneos*]" = "iPhone Developer";
				COPY_PHASE_STRIP = NO;
				DEBUG_INFORMATION_FORMAT = dwarf;
				ENABLE_STRICT_OBJC_MSGSEND = YES;
				ENABLE_TESTABILITY = YES;
				GCC_C_LANGUAGE_STANDARD = gnu99;
				GCC_DYNAMIC_NO_PIC = NO;
				GCC_NO_COMMON_BLOCKS = YES;
				GCC_OPTIMIZATION_LEVEL = 0;
				GCC_PREPROCESSOR_DEFINITIONS = (
					"DEBUG=1",
					"$(inherited)",
				);
				GCC_WARN_64_TO_32_BIT_CONVERSION = YES;
				GCC_WARN_ABOUT_RETURN_TYPE = YES_ERROR;
				GCC_WARN_UNDECLARED_SELECTOR = YES;
				GCC_WARN_UNINITIALIZED_AUTOS = YES_AGGRESSIVE;
				GCC_WARN_UNUSED_FUNCTION = YES;
				GCC_WARN_UNUSED_VARIABLE = YES;
				IPHONEOS_DEPLOYMENT_TARGET = 9.1;
				MTL_ENABLE_DEBUG_INFO = YES;
				ONLY_ACTIVE_ARCH = YES;
				SDKROOT = iphoneos;
				TARGETED_DEVICE_FAMILY = "1,2";
			};
			name = Debug;
		};
		975ADBA71BF5C94500F1877A /* Release */ = {
			isa = XCBuildConfiguration;
			buildSettings = {
				ALWAYS_SEARCH_USER_PATHS = NO;
				CLANG_CXX_LANGUAGE_STANDARD = "gnu++0x";
				CLANG_CXX_LIBRARY = "libc++";
				CLANG_ENABLE_MODULES = YES;
				CLANG_ENABLE_OBJC_ARC = YES;
				CLANG_WARN_BOOL_CONVERSION = YES;
				CLANG_WARN_CONSTANT_CONVERSION = YES;
				CLANG_WARN_DIRECT_OBJC_ISA_USAGE = YES_ERROR;
				CLANG_WARN_EMPTY_BODY = YES;
				CLANG_WARN_ENUM_CONVERSION = YES;
				CLANG_WARN_INT_CONVERSION = YES;
				CLANG_WARN_OBJC_ROOT_CLASS = YES_ERROR;
				CLANG_WARN_UNREACHABLE_CODE = YES;
				CLANG_WARN__DUPLICATE_METHOD_MATCH = YES;
				"CODE_SIGN_IDENTITY[sdk=iphoneos*]" = "iPhone Developer";
				COPY_PHASE_STRIP = NO;
				DEBUG_INFORMATION_FORMAT = "dwarf-with-dsym";
				ENABLE_NS_ASSERTIONS = NO;
				ENABLE_STRICT_OBJC_MSGSEND = YES;
				GCC_C_LANGUAGE_STANDARD = gnu99;
				GCC_NO_COMMON_BLOCKS = YES;
				GCC_WARN_64_TO_32_BIT_CONVERSION = YES;
				GCC_WARN_ABOUT_RETURN_TYPE = YES_ERROR;
				GCC_WARN_UNDECLARED_SELECTOR = YES;
				GCC_WARN_UNINITIALIZED_AUTOS = YES_AGGRESSIVE;
				GCC_WARN_UNUSED_FUNCTION = YES;
				GCC_WARN_UNUSED_VARIABLE = YES;
				IPHONEOS_DEPLOYMENT_TARGET = 9.1;
				MTL_ENABLE_DEBUG_INFO = NO;
				SDKROOT = iphoneos;
				TARGETED_DEVICE_FAMILY = "1,2";
				VALIDATE_PRODUCT = YES;
			};
			name = Release;
		};
		975ADBA91BF5C94500F1877A /* Debug */ = {
			isa = XCBuildConfiguration;
			baseConfigurationReference = 1CB650697E5F14F67F206D92 /* Pods.debug.xcconfig */;
			buildSettings = {
				ASSETCATALOG_COMPILER_APPICON_NAME = AppIcon;
				INFOPLIST_FILE = MasonryDemo/Info.plist;
				LD_RUNPATH_SEARCH_PATHS = "$(inherited) @executable_path/Frameworks";
				PRODUCT_BUNDLE_IDENTIFIER = "yuanpeng-development.MasonryDemo";
				PRODUCT_NAME = "$(TARGET_NAME)";
			};
			name = Debug;
		};
		975ADBAA1BF5C94500F1877A /* Release */ = {
			isa = XCBuildConfiguration;
			baseConfigurationReference = C913525B74601C8B12D46F8C /* Pods.release.xcconfig */;
			buildSettings = {
				ASSETCATALOG_COMPILER_APPICON_NAME = AppIcon;
				INFOPLIST_FILE = MasonryDemo/Info.plist;
				LD_RUNPATH_SEARCH_PATHS = "$(inherited) @executable_path/Frameworks";
				PRODUCT_BUNDLE_IDENTIFIER = "yuanpeng-development.MasonryDemo";
				PRODUCT_NAME = "$(TARGET_NAME)";
			};
			name = Release;
		};
		975ADBAC1BF5C94500F1877A /* Debug */ = {
			isa = XCBuildConfiguration;
			buildSettings = {
				BUNDLE_LOADER = "$(TEST_HOST)";
				INFOPLIST_FILE = MasonryDemoTests/Info.plist;
				LD_RUNPATH_SEARCH_PATHS = "$(inherited) @executable_path/Frameworks @loader_path/Frameworks";
				PRODUCT_BUNDLE_IDENTIFIER = "yuanpeng-development.MasonryDemoTests";
				PRODUCT_NAME = "$(TARGET_NAME)";
				TEST_HOST = "$(BUILT_PRODUCTS_DIR)/MasonryDemo.app/MasonryDemo";
			};
			name = Debug;
		};
		975ADBAD1BF5C94500F1877A /* Release */ = {
			isa = XCBuildConfiguration;
			buildSettings = {
				BUNDLE_LOADER = "$(TEST_HOST)";
				INFOPLIST_FILE = MasonryDemoTests/Info.plist;
				LD_RUNPATH_SEARCH_PATHS = "$(inherited) @executable_path/Frameworks @loader_path/Frameworks";
				PRODUCT_BUNDLE_IDENTIFIER = "yuanpeng-development.MasonryDemoTests";
				PRODUCT_NAME = "$(TARGET_NAME)";
				TEST_HOST = "$(BUILT_PRODUCTS_DIR)/MasonryDemo.app/MasonryDemo";
			};
			name = Release;
		};
		975ADBAF1BF5C94500F1877A /* Debug */ = {
			isa = XCBuildConfiguration;
			buildSettings = {
				INFOPLIST_FILE = MasonryDemoUITests/Info.plist;
				LD_RUNPATH_SEARCH_PATHS = "$(inherited) @executable_path/Frameworks @loader_path/Frameworks";
				PRODUCT_BUNDLE_IDENTIFIER = "yuanpeng-development.MasonryDemoUITests";
				PRODUCT_NAME = "$(TARGET_NAME)";
				TEST_TARGET_NAME = MasonryDemo;
				USES_XCTRUNNER = YES;
			};
			name = Debug;
		};
		975ADBB01BF5C94500F1877A /* Release */ = {
			isa = XCBuildConfiguration;
			buildSettings = {
				INFOPLIST_FILE = MasonryDemoUITests/Info.plist;
				LD_RUNPATH_SEARCH_PATHS = "$(inherited) @executable_path/Frameworks @loader_path/Frameworks";
				PRODUCT_BUNDLE_IDENTIFIER = "yuanpeng-development.MasonryDemoUITests";
				PRODUCT_NAME = "$(TARGET_NAME)";
				TEST_TARGET_NAME = MasonryDemo;
				USES_XCTRUNNER = YES;
			};
			name = Release;
		};
/* End XCBuildConfiguration section */

/* Begin XCConfigurationList section */
		975ADB761BF5C94500F1877A /* Build configuration list for PBXProject "MasonryDemo" */ = {
			isa = XCConfigurationList;
			buildConfigurations = (
				975ADBA61BF5C94500F1877A /* Debug */,
				975ADBA71BF5C94500F1877A /* Release */,
			);
			defaultConfigurationIsVisible = 0;
			defaultConfigurationName = Release;
		};
		975ADBA81BF5C94500F1877A /* Build configuration list for PBXNativeTarget "MasonryDemo" */ = {
			isa = XCConfigurationList;
			buildConfigurations = (
				975ADBA91BF5C94500F1877A /* Debug */,
				975ADBAA1BF5C94500F1877A /* Release */,
			);
			defaultConfigurationIsVisible = 0;
			defaultConfigurationName = Release;
		};
		975ADBAB1BF5C94500F1877A /* Build configuration list for PBXNativeTarget "MasonryDemoTests" */ = {
			isa = XCConfigurationList;
			buildConfigurations = (
				975ADBAC1BF5C94500F1877A /* Debug */,
				975ADBAD1BF5C94500F1877A /* Release */,
			);
			defaultConfigurationIsVisible = 0;
			defaultConfigurationName = Release;
		};
		975ADBAE1BF5C94500F1877A /* Build configuration list for PBXNativeTarget "MasonryDemoUITests" */ = {
			isa = XCConfigurationList;
			buildConfigurations = (
				975ADBAF1BF5C94500F1877A /* Debug */,
				975ADBB01BF5C94500F1877A /* Release */,
			);
			defaultConfigurationIsVisible = 0;
			defaultConfigurationName = Release;
		};
/* End XCConfigurationList section */
	};
	rootObject = 975ADB731BF5C94500F1877A /* Project object */;
}
